// !$*UTF8*$!
{
	archiveVersion = 1;
	classes = {
	};
	objectVersion = 50;
	objects = {

/* Begin PBXBuildFile section */
		4E75D66724E33CC100AADE4C /* AppDelegate.swift in Sources */ = {isa = PBXBuildFile; fileRef = 4E75D66624E33CC100AADE4C /* AppDelegate.swift */; };
		4E75D66E24E33CC100AADE4C /* Main.storyboard in Resources */ = {isa = PBXBuildFile; fileRef = 4E75D66C24E33CC100AADE4C /* Main.storyboard */; };
		4E75D67024E33CCA00AADE4C /* Assets.xcassets in Resources */ = {isa = PBXBuildFile; fileRef = 4E75D66F24E33CCA00AADE4C /* Assets.xcassets */; };
		4E75D67324E33CCA00AADE4C /* LaunchScreen.storyboard in Resources */ = {isa = PBXBuildFile; fileRef = 4E75D67124E33CCA00AADE4C /* LaunchScreen.storyboard */; };
		4E75D67E24E33F6000AADE4C /* TravelLocationsMapViewController.swift in Sources */ = {isa = PBXBuildFile; fileRef = 4E75D67D24E33F6000AADE4C /* TravelLocationsMapViewController.swift */; };
		4E75D68424E34A0A00AADE4C /* FlickrAPI.swift in Sources */ = {isa = PBXBuildFile; fileRef = 4E75D68324E34A0A00AADE4C /* FlickrAPI.swift */; };
		4E75D68824E3640500AADE4C /* GetPhotoResponse.swift in Sources */ = {isa = PBXBuildFile; fileRef = 4E75D68724E3640500AADE4C /* GetPhotoResponse.swift */; };
		4E75D68B24E380CE00AADE4C /* LocationData.xcdatamodeld in Sources */ = {isa = PBXBuildFile; fileRef = 4E75D68924E380CE00AADE4C /* LocationData.xcdatamodeld */; };
		4E75D68D24E3830000AADE4C /* DataController.swift in Sources */ = {isa = PBXBuildFile; fileRef = 4E75D68C24E3830000AADE4C /* DataController.swift */; };
		4E75D69224E3840000AADE4C /* Pin+Extensions.swift in Sources */ = {isa = PBXBuildFile; fileRef = 4E75D69124E383FF00AADE4C /* Pin+Extensions.swift */; };
		4E75D6A424E38FAC00AADE4C /* PhotoAlbumViewController.swift in Sources */ = {isa = PBXBuildFile; fileRef = 4E75D6A324E38FAC00AADE4C /* PhotoAlbumViewController.swift */; };
		4E75D6A624E3934C00AADE4C /* PhotoAlbumCollectionViewCell.swift in Sources */ = {isa = PBXBuildFile; fileRef = 4E75D6A524E3934C00AADE4C /* PhotoAlbumCollectionViewCell.swift */; };
		4E75D6A924E5BFB100AADE4C /* Photo+Extensions.swift in Sources */ = {isa = PBXBuildFile; fileRef = 4E75D6A824E5BFB100AADE4C /* Photo+Extensions.swift */; };
/* End PBXBuildFile section */

/* Begin PBXFileReference section */
		4E75D66324E33CC100AADE4C /* VirtualTourist.app */ = {isa = PBXFileReference; explicitFileType = wrapper.application; includeInIndex = 0; path = VirtualTourist.app; sourceTree = BUILT_PRODUCTS_DIR; };
		4E75D66624E33CC100AADE4C /* AppDelegate.swift */ = {isa = PBXFileReference; lastKnownFileType = sourcecode.swift; path = AppDelegate.swift; sourceTree = "<group>"; };
		4E75D66D24E33CC100AADE4C /* Base */ = {isa = PBXFileReference; lastKnownFileType = file.storyboard; name = Base; path = Base.lproj/Main.storyboard; sourceTree = "<group>"; };
		4E75D66F24E33CCA00AADE4C /* Assets.xcassets */ = {isa = PBXFileReference; lastKnownFileType = folder.assetcatalog; path = Assets.xcassets; sourceTree = "<group>"; };
		4E75D67224E33CCA00AADE4C /* Base */ = {isa = PBXFileReference; lastKnownFileType = file.storyboard; name = Base; path = Base.lproj/LaunchScreen.storyboard; sourceTree = "<group>"; };
		4E75D67424E33CCA00AADE4C /* Info.plist */ = {isa = PBXFileReference; lastKnownFileType = text.plist.xml; path = Info.plist; sourceTree = "<group>"; };
		4E75D67D24E33F6000AADE4C /* TravelLocationsMapViewController.swift */ = {isa = PBXFileReference; lastKnownFileType = sourcecode.swift; path = TravelLocationsMapViewController.swift; sourceTree = "<group>"; };
		4E75D68324E34A0A00AADE4C /* FlickrAPI.swift */ = {isa = PBXFileReference; lastKnownFileType = sourcecode.swift; path = FlickrAPI.swift; sourceTree = "<group>"; };
		4E75D68724E3640500AADE4C /* GetPhotoResponse.swift */ = {isa = PBXFileReference; lastKnownFileType = sourcecode.swift; path = GetPhotoResponse.swift; sourceTree = "<group>"; };
		4E75D68A24E380CE00AADE4C /* LocationData.xcdatamodel */ = {isa = PBXFileReference; lastKnownFileType = wrapper.xcdatamodel; path = LocationData.xcdatamodel; sourceTree = "<group>"; };
		4E75D68C24E3830000AADE4C /* DataController.swift */ = {isa = PBXFileReference; lastKnownFileType = sourcecode.swift; path = DataController.swift; sourceTree = "<group>"; };
		4E75D69124E383FF00AADE4C /* Pin+Extensions.swift */ = {isa = PBXFileReference; lastKnownFileType = sourcecode.swift; path = "Pin+Extensions.swift"; sourceTree = "<group>"; };
		4E75D6A324E38FAC00AADE4C /* PhotoAlbumViewController.swift */ = {isa = PBXFileReference; lastKnownFileType = sourcecode.swift; path = PhotoAlbumViewController.swift; sourceTree = "<group>"; };
		4E75D6A524E3934C00AADE4C /* PhotoAlbumCollectionViewCell.swift */ = {isa = PBXFileReference; lastKnownFileType = sourcecode.swift; path = PhotoAlbumCollectionViewCell.swift; sourceTree = "<group>"; };
		4E75D6A824E5BFB100AADE4C /* Photo+Extensions.swift */ = {isa = PBXFileReference; lastKnownFileType = sourcecode.swift; path = "Photo+Extensions.swift"; sourceTree = "<group>"; };
/* End PBXFileReference section */

/* Begin PBXFrameworksBuildPhase section */
		4E75D66024E33CC100AADE4C /* Frameworks */ = {
			isa = PBXFrameworksBuildPhase;
			buildActionMask = 2147483647;
			files = (
			);
			runOnlyForDeploymentPostprocessing = 0;
		};
/* End PBXFrameworksBuildPhase section */

/* Begin PBXGroup section */
		4E75D65A24E33CC000AADE4C = {
			isa = PBXGroup;
			children = (
				4E75D66524E33CC100AADE4C /* VirtualTourist */,
				4E75D66424E33CC100AADE4C /* Products */,
			);
			sourceTree = "<group>";
		};
		4E75D66424E33CC100AADE4C /* Products */ = {
			isa = PBXGroup;
			children = (
				4E75D66324E33CC100AADE4C /* VirtualTourist.app */,
			);
			name = Products;
			sourceTree = "<group>";
		};
		4E75D66524E33CC100AADE4C /* VirtualTourist */ = {
			isa = PBXGroup;
			children = (
				4E75D66624E33CC100AADE4C /* AppDelegate.swift */,
				4E75D67C24E33F3F00AADE4C /* Model */,
				4E75D67B24E33F3B00AADE4C /* View */,
				4E75D67A24E33F3200AADE4C /* Controller */,
				4E75D66F24E33CCA00AADE4C /* Assets.xcassets */,
				4E75D67424E33CCA00AADE4C /* Info.plist */,
			);
			path = VirtualTourist;
			sourceTree = "<group>";
		};
		4E75D67A24E33F3200AADE4C /* Controller */ = {
			isa = PBXGroup;
			children = (
				4E75D67D24E33F6000AADE4C /* TravelLocationsMapViewController.swift */,
				4E75D6A324E38FAC00AADE4C /* PhotoAlbumViewController.swift */,
			);
			path = Controller;
			sourceTree = "<group>";
		};
		4E75D67B24E33F3B00AADE4C /* View */ = {
			isa = PBXGroup;
			children = (
				4E75D66C24E33CC100AADE4C /* Main.storyboard */,
				4E75D67124E33CCA00AADE4C /* LaunchScreen.storyboard */,
				4E75D6A524E3934C00AADE4C /* PhotoAlbumCollectionViewCell.swift */,
			);
			path = View;
			sourceTree = "<group>";
		};
		4E75D67C24E33F3F00AADE4C /* Model */ = {
			isa = PBXGroup;
			children = (
				4E75D68E24E383D700AADE4C /* Managed Object Model */,
				4E75D68224E349ED00AADE4C /* Network */,
				4E75D68924E380CE00AADE4C /* LocationData.xcdatamodeld */,
				4E75D68C24E3830000AADE4C /* DataController.swift */,
			);
			path = Model;
			sourceTree = "<group>";
		};
		4E75D68224E349ED00AADE4C /* Network */ = {
			isa = PBXGroup;
			children = (
				4E75D68324E34A0A00AADE4C /* FlickrAPI.swift */,
				4E75D68724E3640500AADE4C /* GetPhotoResponse.swift */,
			);
			path = Network;
			sourceTree = "<group>";
		};
		4E75D68E24E383D700AADE4C /* Managed Object Model */ = {
			isa = PBXGroup;
			children = (
				4E75D69124E383FF00AADE4C /* Pin+Extensions.swift */,
				4E75D6A824E5BFB100AADE4C /* Photo+Extensions.swift */,
			);
			path = "Managed Object Model";
			sourceTree = "<group>";
		};
/* End PBXGroup section */

/* Begin PBXNativeTarget section */
		4E75D66224E33CC100AADE4C /* VirtualTourist */ = {
			isa = PBXNativeTarget;
			buildConfigurationList = 4E75D67724E33CCA00AADE4C /* Build configuration list for PBXNativeTarget "VirtualTourist" */;
			buildPhases = (
				4E75D65F24E33CC100AADE4C /* Sources */,
				4E75D66024E33CC100AADE4C /* Frameworks */,
				4E75D66124E33CC100AADE4C /* Resources */,
			);
			buildRules = (
			);
			dependencies = (
			);
			name = VirtualTourist;
			productName = VirtualTourist;
			productReference = 4E75D66324E33CC100AADE4C /* VirtualTourist.app */;
			productType = "com.apple.product-type.application";
		};
/* End PBXNativeTarget section */

/* Begin PBXProject section */
		4E75D65B24E33CC000AADE4C /* Project object */ = {
			isa = PBXProject;
			attributes = {
				LastSwiftUpdateCheck = 1150;
				LastUpgradeCheck = 1150;
				ORGANIZATIONNAME = "Riham Mastour";
				TargetAttributes = {
					4E75D66224E33CC100AADE4C = {
						CreatedOnToolsVersion = 11.5;
					};
				};
			};
			buildConfigurationList = 4E75D65E24E33CC000AADE4C /* Build configuration list for PBXProject "VirtualTourist" */;
			compatibilityVersion = "Xcode 9.3";
			developmentRegion = en;
			hasScannedForEncodings = 0;
			knownRegions = (
				en,
				Base,
			);
			mainGroup = 4E75D65A24E33CC000AADE4C;
			productRefGroup = 4E75D66424E33CC100AADE4C /* Products */;
			projectDirPath = "";
			projectRoot = "";
			targets = (
				4E75D66224E33CC100AADE4C /* VirtualTourist */,
			);
		};
/* End PBXProject section */

/* Begin PBXResourcesBuildPhase section */
		4E75D66124E33CC100AADE4C /* Resources */ = {
			isa = PBXResourcesBuildPhase;
			buildActionMask = 2147483647;
			files = (
				4E75D67324E33CCA00AADE4C /* LaunchScreen.storyboard in Resources */,
				4E75D67024E33CCA00AADE4C /* Assets.xcassets in Resources */,
				4E75D66E24E33CC100AADE4C /* Main.storyboard in Resources */,
			);
			runOnlyForDeploymentPostprocessing = 0;
		};
/* End PBXResourcesBuildPhase section */

/* Begin PBXSourcesBuildPhase section */
		4E75D65F24E33CC100AADE4C /* Sources */ = {
			isa = PBXSourcesBuildPhase;
			buildActionMask = 2147483647;
			files = (
				4E75D6A624E3934C00AADE4C /* PhotoAlbumCollectionViewCell.swift in Sources */,
				4E75D6A424E38FAC00AADE4C /* PhotoAlbumViewController.swift in Sources */,
				4E75D67E24E33F6000AADE4C /* TravelLocationsMapViewController.swift in Sources */,
				4E75D68424E34A0A00AADE4C /* FlickrAPI.swift in Sources */,
				4E75D68D24E3830000AADE4C /* DataController.swift in Sources */,
				4E75D69224E3840000AADE4C /* Pin+Extensions.swift in Sources */,
				4E75D68B24E380CE00AADE4C /* LocationData.xcdatamodeld in Sources */,
				4E75D66724E33CC100AADE4C /* AppDelegate.swift in Sources */,
				4E75D6A924E5BFB100AADE4C /* Photo+Extensions.swift in Sources */,
				4E75D68824E3640500AADE4C /* GetPhotoResponse.swift in Sources */,
			);
			runOnlyForDeploymentPostprocessing = 0;
		};
/* End PBXSourcesBuildPhase section */

/* Begin PBXVariantGroup section */
		4E75D66C24E33CC100AADE4C /* Main.storyboard */ = {
			isa = PBXVariantGroup;
			children = (
				4E75D66D24E33CC100AADE4C /* Base */,
			);
			name = Main.storyboard;
			sourceTree = "<group>";
		};
		4E75D67124E33CCA00AADE4C /* LaunchScreen.storyboard */ = {
			isa = PBXVariantGroup;
			children = (
				4E75D67224E33CCA00AADE4C /* Base */,
			);
			name = LaunchScreen.storyboard;
			sourceTree = "<group>";
		};
/* End PBXVariantGroup section */

/* Begin XCBuildConfiguration section */
		4E75D67524E33CCA00AADE4C /* Debug */ = {
			isa = XCBuildConfiguration;
			buildSettings = {
				ALWAYS_SEARCH_USER_PATHS = NO;
				CLANG_ANALYZER_NONNULL = YES;
				CLANG_ANALYZER_NUMBER_OBJECT_CONVERSION = YES_AGGRESSIVE;
				CLANG_CXX_LANGUAGE_STANDARD = "gnu++14";
				CLANG_CXX_LIBRARY = "libc++";
				CLANG_ENABLE_MODULES = YES;
				CLANG_ENABLE_OBJC_ARC = YES;
				CLANG_ENABLE_OBJC_WEAK = YES;
				CLANG_WARN_BLOCK_CAPTURE_AUTORELEASING = YES;
				CLANG_WARN_BOOL_CONVERSION = YES;
				CLANG_WARN_COMMA = YES;
				CLANG_WARN_CONSTANT_CONVERSION = YES;
				CLANG_WARN_DEPRECATED_OBJC_IMPLEMENTATIONS = YES;
				CLANG_WARN_DIRECT_OBJC_ISA_USAGE = YES_ERROR;
				CLANG_WARN_DOCUMENTATION_COMMENTS = YES;
				CLANG_WARN_EMPTY_BODY = YES;
				CLANG_WARN_ENUM_CONVERSION = YES;
				CLANG_WARN_INFINITE_RECURSION = YES;
				CLANG_WARN_INT_CONVERSION = YES;
				CLANG_WARN_NON_LITERAL_NULL_CONVERSION = YES;
				CLANG_WARN_OBJC_IMPLICIT_RETAIN_SELF = YES;
				CLANG_WARN_OBJC_LITERAL_CONVERSION = YES;
				CLANG_WARN_OBJC_ROOT_CLASS = YES_ERROR;
				CLANG_WARN_RANGE_LOOP_ANALYSIS = YES;
				CLANG_WARN_STRICT_PROTOTYPES = YES;
				CLANG_WARN_SUSPICIOUS_MOVE = YES;
				CLANG_WARN_UNGUARDED_AVAILABILITY = YES_AGGRESSIVE;
				CLANG_WARN_UNREACHABLE_CODE = YES;
				CLANG_WARN__DUPLICATE_METHOD_MATCH = YES;
				COPY_PHASE_STRIP = NO;
				DEBUG_INFORMATION_FORMAT = dwarf;
				ENABLE_STRICT_OBJC_MSGSEND = YES;
				ENABLE_TESTABILITY = YES;
				GCC_C_LANGUAGE_STANDARD = gnu11;
				GCC_DYNAMIC_NO_PIC = NO;
				GCC_NO_COMMON_BLOCKS = YES;
				GCC_OPTIMIZATION_LEVEL = 0;
				GCC_PREPROCESSOR_DEFINITIONS = (
					"DEBUG=1",
					"$(inherited)",
				);
				GCC_WARN_64_TO_32_BIT_CONVERSION = YES;
				GCC_WARN_ABOUT_RETURN_TYPE = YES_ERROR;
				GCC_WARN_UNDECLARED_SELECTOR = YES;
				GCC_WARN_UNINITIALIZED_AUTOS = YES_AGGRESSIVE;
				GCC_WARN_UNUSED_FUNCTION = YES;
				GCC_WARN_UNUSED_VARIABLE = YES;
				IPHONEOS_DEPLOYMENT_TARGET = 13.5;
				MTL_ENABLE_DEBUG_INFO = INCLUDE_SOURCE;
				MTL_FAST_MATH = YES;
				ONLY_ACTIVE_ARCH = YES;
				SDKROOT = iphoneos;
				SWIFT_ACTIVE_COMPILATION_CONDITIONS = DEBUG;
				SWIFT_OPTIMIZATION_LEVEL = "-Onone";
			};
			name = Debug;
		};
		4E75D67624E33CCA00AADE4C /* Release */ = {
			isa = XCBuildConfiguration;
			buildSettings = {
				ALWAYS_SEARCH_USER_PATHS = NO;
				CLANG_ANALYZER_NONNULL = YES;
				CLANG_ANALYZER_NUMBER_OBJECT_CONVERSION = YES_AGGRESSIVE;
				CLANG_CXX_LANGUAGE_STANDARD = "gnu++14";
				CLANG_CXX_LIBRARY = "libc++";
				CLANG_ENABLE_MODULES = YES;
				CLANG_ENABLE_OBJC_ARC = YES;
				CLANG_ENABLE_OBJC_WEAK = YES;
				CLANG_WARN_BLOCK_CAPTURE_AUTORELEASING = YES;
				CLANG_WARN_BOOL_CONVERSION = YES;
				CLANG_WARN_COMMA = YES;
				CLANG_WARN_CONSTANT_CONVERSION = YES;
				CLANG_WARN_DEPRECATED_OBJC_IMPLEMENTATIONS = YES;
				CLANG_WARN_DIRECT_OBJC_ISA_USAGE = YES_ERROR;
				CLANG_WARN_DOCUMENTATION_COMMENTS = YES;
				CLANG_WARN_EMPTY_BODY = YES;
				CLANG_WARN_ENUM_CONVERSION = YES;
				CLANG_WARN_INFINITE_RECURSION = YES;
				CLANG_WARN_INT_CONVERSION = YES;
				CLANG_WARN_NON_LITERAL_NULL_CONVERSION = YES;
				CLANG_WARN_OBJC_IMPLICIT_RETAIN_SELF = YES;
				CLANG_WARN_OBJC_LITERAL_CONVERSION = YES;
				CLANG_WARN_OBJC_ROOT_CLASS = YES_ERROR;
				CLANG_WARN_RANGE_LOOP_ANALYSIS = YES;
				CLANG_WARN_STRICT_PROTOTYPES = YES;
				CLANG_WARN_SUSPICIOUS_MOVE = YES;
				CLANG_WARN_UNGUARDED_AVAILABILITY = YES_AGGRESSIVE;
				CLANG_WARN_UNREACHABLE_CODE = YES;
				CLANG_WARN__DUPLICATE_METHOD_MATCH = YES;
				COPY_PHASE_STRIP = NO;
				DEBUG_INFORMATION_FORMAT = "dwarf-with-dsym";
				ENABLE_NS_ASSERTIONS = NO;
				ENABLE_STRICT_OBJC_MSGSEND = YES;
				GCC_C_LANGUAGE_STANDARD = gnu11;
				GCC_NO_COMMON_BLOCKS = YES;
				GCC_WARN_64_TO_32_BIT_CONVERSION = YES;
				GCC_WARN_ABOUT_RETURN_TYPE = YES_ERROR;
				GCC_WARN_UNDECLARED_SELECTOR = YES;
				GCC_WARN_UNINITIALIZED_AUTOS = YES_AGGRESSIVE;
				GCC_WARN_UNUSED_FUNCTION = YES;
				GCC_WARN_UNUSED_VARIABLE = YES;
				IPHONEOS_DEPLOYMENT_TARGET = 13.5;
				MTL_ENABLE_DEBUG_INFO = NO;
				MTL_FAST_MATH = YES;
				SDKROOT = iphoneos;
				SWIFT_COMPILATION_MODE = wholemodule;
				SWIFT_OPTIMIZATION_LEVEL = "-O";
				VALIDATE_PRODUCT = YES;
			};
			name = Release;
		};
		4E75D67824E33CCA00AADE4C /* Debug */ = {
			isa = XCBuildConfiguration;
			buildSettings = {
				ASSETCATALOG_COMPILER_APPICON_NAME = AppIcon;
				CODE_SIGN_STYLE = Automatic;
				INFOPLIST_FILE = VirtualTourist/Info.plist;
				LD_RUNPATH_SEARCH_PATHS = (
					"$(inherited)",
					"@executable_path/Frameworks",
				);
				PRODUCT_BUNDLE_IDENTIFIER = com.riham.VirtualTourist;
				PRODUCT_NAME = "$(TARGET_NAME)";
				SWIFT_VERSION = 5.0;
				TARGETED_DEVICE_FAMILY = "1,2";
			};
			name = Debug;
		};
		4E75D67924E33CCA00AADE4C /* Release */ = {
			isa = XCBuildConfiguration;
			buildSettings = {
				ASSETCATALOG_COMPILER_APPICON_NAME = AppIcon;
				CODE_SIGN_STYLE = Automatic;
				INFOPLIST_FILE = VirtualTourist/Info.plist;
				LD_RUNPATH_SEARCH_PATHS = (
					"$(inherited)",
					"@executable_path/Frameworks",
				);
				PRODUCT_BUNDLE_IDENTIFIER = com.riham.VirtualTourist;
				PRODUCT_NAME = "$(TARGET_NAME)";
				SWIFT_VERSION = 5.0;
				TARGETED_DEVICE_FAMILY = "1,2";
			};
			name = Release;
		};
/* End XCBuildConfiguration section */

/* Begin XCConfigurationList section */
		4E75D65E24E33CC000AADE4C /* Build configuration list for PBXProject "VirtualTourist" */ = {
			isa = XCConfigurationList;
			buildConfigurations = (
				4E75D67524E33CCA00AADE4C /* Debug */,
				4E75D67624E33CCA00AADE4C /* Release */,
			);
			defaultConfigurationIsVisible = 0;
			defaultConfigurationName = Release;
		};
		4E75D67724E33CCA00AADE4C /* Build configuration list for PBXNativeTarget "VirtualTourist" */ = {
			isa = XCConfigurationList;
			buildConfigurations = (
				4E75D67824E33CCA00AADE4C /* Debug */,
				4E75D67924E33CCA00AADE4C /* Release */,
			);
			defaultConfigurationIsVisible = 0;
			defaultConfigurationName = Release;
		};
/* End XCConfigurationList section */

/* Begin XCVersionGroup section */
		4E75D68924E380CE00AADE4C /* LocationData.xcdatamodeld */ = {
			isa = XCVersionGroup;
			children = (
				4E75D68A24E380CE00AADE4C /* LocationData.xcdatamodel */,
			);
			currentVersion = 4E75D68A24E380CE00AADE4C /* LocationData.xcdatamodel */;
			path = LocationData.xcdatamodeld;
			sourceTree = "<group>";
			versionGroupType = wrapper.xcdatamodel;
		};
/* End XCVersionGroup section */
	};
	rootObject = 4E75D65B24E33CC000AADE4C /* Project object */;
}
